
Microsoft Visual Studio Solution File, Format Version 12.00
# Visual Studio Version 16
VisualStudioVersion = 16.0.31729.503
MinimumVisualStudioVersion = 10.0.40219.1
Project("{FAE04EC0-301F-11D3-BF4B-00C04F79EFBC}") = "MCD_Polymorphism_Sample", "MCD_Polymorphism_Sample\MCD_Polymorphism_Sample.csproj", "{9328EA76-A67A-4DF2-AE7A-98C5A68B12C5}"
EndProject
Global
	GlobalSection(SolutionConfigurationPlatforms) = preSolution
		Debug|Any CPU = Debug|Any CPU
		Release|Any CPU = Release|Any CPU
	EndGlobalSection
	GlobalSection(ProjectConfigurationPlatforms) = postSolution
		{9328EA76-A67A-4DF2-AE7A-98C5A68B12C5}.Debug|Any CPU.ActiveCfg = Debug|Any CPU
		{9328EA76-A67A-4DF2-AE7A-98C5A68B12C5}.Debug|Any CPU.Build.0 = Debug|Any CPU
		{9328EA76-A67A-4DF2-AE7A-98C5A68B12C5}.Release|Any CPU.ActiveCfg = Release|Any CPU
		{9328EA76-A67A-4DF2-AE7A-98C5A68B12C5}.Release|Any CPU.Build.0 = Release|Any CPU
	EndGlobalSection
	GlobalSection(SolutionProperties) = preSolution
		HideSolutionNode = FALSE
	EndGlobalSection
	GlobalSection(ExtensibilityGlobals) = postSolution
		SolutionGuid = {3CAF7DCE-806D-410D-8200-08B990798BB4}
	EndGlobalSection
EndGlobal
